github.com/pkg/errors v0.8.1 h1:iURUrRGxPUNPdy5/HRSm+Yj6okJ6UtLINN0Q9M4+h3I=
github.com/pkg/errors v0.8.1/go.mod h1:bwawxfHBFNV+L2hUp1rHADufV3IMtnDRdf1r5NINEl0=
github.com/pzeinlinger/gofpdi v1.0.14 h1:U5GQ7mc7CPQyNGqMATumhQQJJjIyBgRi36OF6FdxPlw=
github.com/pzeinlinger/gofpdi v1.0.14/go.mod h1:vBmVV0Do6hSBHC8uKUQ71JGW+ZGQq74llk/7bXwjDoI=
